{
  "nodes": {
    "confctl": {
      "inputs": {
        "nixpkgs": [
          "confctl",
          "vpsadminos",
          "nixpkgs"
        ],
        "vpsadminos": "vpsadminos"
      },
      "locked": {
        "lastModified": 1772891601,
        "narHash": "sha256-pByk3lGHQEKCqeUBFC/L6GOQ65vL3lraniandWh/BIg=",
        "owner": "vpsfreecz",
        "repo": "confctl",
        "rev": "a3efde8be919f15a1c8bc1f357fbe4d4c1b15703",
        "type": "github"
      },
      "original": {
        "owner": "vpsfreecz",
        "repo": "confctl",
        "type": "github"
      }
    },
    "home-manager": {
      "inputs": {
        "nixpkgs": [
          "confctl",
          "vpsadminos",
          "impermanence",
          "nixpkgs"
        ]
      },
      "locked": {
        "lastModified": 1768598210,
        "narHash": "sha256-kkgA32s/f4jaa4UG+2f8C225Qvclxnqs76mf8zvTVPg=",
        "owner": "nix-community",
        "repo": "home-manager",
        "rev": "c47b2cc64a629f8e075de52e4742de688f930dc6",
        "type": "github"
      },
      "original": {
        "owner": "nix-community",
        "repo": "home-manager",
        "type": "github"
      }
    },
    "home-manager_2": {
      "inputs": {
        "nixpkgs": [
          "vpsadminos",
          "impermanence",
          "nixpkgs"
        ]
      },
      "locked": {
        "lastModified": 1768598210,
        "narHash": "sha256-kkgA32s/f4jaa4UG+2f8C225Qvclxnqs76mf8zvTVPg=",
        "owner": "nix-community",
        "repo": "home-manager",
        "rev": "c47b2cc64a629f8e075de52e4742de688f930dc6",
        "type": "github"
      },
      "original": {
        "owner": "nix-community",
        "repo": "home-manager",
        "type": "github"
      }
    },
    "impermanence": {
      "inputs": {
        "home-manager": "home-manager",
        "nixpkgs": "nixpkgs"
      },
      "locked": {
        "lastModified": 1769548169,
        "narHash": "sha256-03+JxvzmfwRu+5JafM0DLbxgHttOQZkUtDWBmeUkN8Y=",
        "owner": "nix-community",
        "repo": "impermanence",
        "rev": "7b1d382faf603b6d264f58627330f9faa5cba149",
        "type": "github"
      },
      "original": {
        "owner": "nix-community",
        "repo": "impermanence",
        "type": "github"
      }
    },
    "impermanence_2": {
      "inputs": {
        "home-manager": "home-manager_2",
        "nixpkgs": "nixpkgs_4"
      },
      "locked": {
        "lastModified": 1769548169,
        "narHash": "sha256-03+JxvzmfwRu+5JafM0DLbxgHttOQZkUtDWBmeUkN8Y=",
        "owner": "nix-community",
        "repo": "impermanence",
        "rev": "7b1d382faf603b6d264f58627330f9faa5cba149",
        "type": "github"
      },
      "original": {
        "owner": "nix-community",
        "repo": "impermanence",
        "type": "github"
      }
    },
    "nixpkgs": {
      "locked": {
        "lastModified": 1768564909,
        "narHash": "sha256-Kell/SpJYVkHWMvnhqJz/8DqQg2b6PguxVWOuadbHCc=",
        "owner": "nixos",
        "repo": "nixpkgs",
        "rev": "e4bae1bd10c9c57b2cf517953ab70060a828ee6f",
        "type": "github"
      },
      "original": {
        "owner": "nixos",
        "ref": "nixos-unstable",
        "repo": "nixpkgs",
        "type": "github"
      }
    },
    "nixpkgs_2": {
      "locked": {
        "lastModified": 1772598333,
        "narHash": "sha256-YaHht/C35INEX3DeJQNWjNaTcPjYmBwwjFJ2jdtr+5U=",
        "owner": "NixOS",
        "repo": "nixpkgs",
        "rev": "fabb8c9deee281e50b1065002c9828f2cf7b2239",
        "type": "github"
      },
      "original": {
        "owner": "NixOS",
        "ref": "nixos-25.11",
        "repo": "nixpkgs",
        "type": "github"
      }
    },
    "nixpkgs_3": {
      "locked": {
        "lastModified": 1772822230,
        "narHash": "sha256-yf3iYLGbGVlIthlQIk5/4/EQDZNNEmuqKZkQssMljuw=",
        "owner": "NixOS",
        "repo": "nixpkgs",
        "rev": "71caefce12ba78d84fe618cf61644dce01cf3a96",
        "type": "github"
      },
      "original": {
        "owner": "NixOS",
        "ref": "nixos-25.11",
        "repo": "nixpkgs",
        "type": "github"
      }
    },
    "nixpkgs_4": {
      "locked": {
        "lastModified": 1768564909,
        "narHash": "sha256-Kell/SpJYVkHWMvnhqJz/8DqQg2b6PguxVWOuadbHCc=",
        "owner": "nixos",
        "repo": "nixpkgs",
        "rev": "e4bae1bd10c9c57b2cf517953ab70060a828ee6f",
        "type": "github"
      },
      "original": {
        "owner": "nixos",
        "ref": "nixos-unstable",
        "repo": "nixpkgs",
        "type": "github"
      }
    },
    "root": {
      "inputs": {
        "confctl": "confctl",
        "nixpkgs": "nixpkgs_3",
        "vpsadminos": "vpsadminos_2"
      }
    },
    "vpsadminos": {
      "inputs": {
        "impermanence": "impermanence",
        "nixpkgs": "nixpkgs_2"
      },
      "locked": {
        "lastModified": 1772834010,
        "narHash": "sha256-qKry3Q9kLryt7RQPVFEs+PgYMiMYF/oLA9e/AVxhfPo=",
        "owner": "vpsfreecz",
        "repo": "vpsadminos",
        "rev": "1efd18a5a22622c83c7197e5f23d2024af5028f9",
        "type": "github"
      },
      "original": {
        "owner": "vpsfreecz",
        "repo": "vpsadminos",
        "type": "github"
      }
    },
    "vpsadminos_2": {
      "inputs": {
        "impermanence": "impermanence_2",
        "nixpkgs": [
          "nixpkgs"
        ]
      },
      "locked": {
        "lastModified": 1772943804,
        "narHash": "sha256-vNa2QLJ69jDGmdbDhRg/00Xh6PlPLbIeMOBErZwkgeg=",
        "owner": "vpsfreecz",
        "repo": "vpsadminos",
        "rev": "ca43bfb2d1d574ac5da703b20d4ed55b5f83c2ca",
        "type": "github"
      },
      "original": {
        "owner": "vpsfreecz",
        "ref": "staging",
        "repo": "vpsadminos",
        "type": "github"
      }
    }
  },
  "root": "root",
  "version": 7
}
